
Microsoft Visual Studio Solution File, Format Version 12.00
# Visual Studio Version 17
VisualStudioVersion = 17.0.31903.59
MinimumVisualStudioVersion = 10.0.40219.1
Project("{9A19103F-16F7-4668-BE54-9A1E7A4F7556}") = "M01_HalloWPF", "HalloWPF\M01_HalloWPF.csproj", "{D819425B-96FB-4815-A9FB-DABFE71CE331}"
EndProject
Project("{9A19103F-16F7-4668-BE54-9A1E7A4F7556}") = "M02_Controls", "Controls\M02_Controls.csproj", "{65F7295A-2AB2-4143-9DFA-BA18DC340D9A}"
EndProject
Project("{9A19103F-16F7-4668-BE54-9A1E7A4F7556}") = "Personendatenbank", "Personendatenbank\Personendatenbank.csproj", "{613D0C54-AF88-4CBA-8AF6-F8B3520EFABF}"
EndProject
Project("{9A19103F-16F7-4668-BE54-9A1E7A4F7556}") = "M03_Container", "Container\M03_Container.csproj", "{CB484660-EEA6-490D-BE23-B0D0EC7D42E9}"
EndProject
Project("{9A19103F-16F7-4668-BE54-9A1E7A4F7556}") = "M04_EventHandling", "EventHandling\M04_EventHandling.csproj", "{3C31E170-892A-48EF-A78F-C021A4D78916}"
EndProject
Project("{9A19103F-16F7-4668-BE54-9A1E7A4F7556}") = "M05_PropertyBindings", "PropertyBindings\M05_PropertyBindings.csproj", "{D5D121DD-A136-4E91-B55B-E8BACCC8E8B1}"
EndProject
Project("{9A19103F-16F7-4668-BE54-9A1E7A4F7556}") = "ColorPicker", "ColorPicker\ColorPicker.csproj", "{989A47B5-9777-42BB-90F4-E9AF37221D34}"
EndProject
Project("{9A19103F-16F7-4668-BE54-9A1E7A4F7556}") = "M06_DataBinding", "DataBinding\M06_DataBinding.csproj", "{2D6EFD99-D0D5-4806-A4F6-17FCBDC26DC9}"
EndProject
Project("{9A19103F-16F7-4668-BE54-9A1E7A4F7556}") = "M07_ResourcesStyles", "ResourcesStyles\M07_ResourcesStyles.csproj", "{42B5CB4B-0DB6-497F-AF88-8B99269D42CC}"
EndProject
Project("{9A19103F-16F7-4668-BE54-9A1E7A4F7556}") = "M08_Templates", "Templates\M08_Templates.csproj", "{157FC83D-B6BB-483B-9900-165130621A81}"
EndProject
Project("{FAE04EC0-301F-11D3-BF4B-00C04F79EFBC}") = "M09_Validation", "Validation\M09_Validation.csproj", "{FB4CD6D5-B6F1-4172-8E75-EF563F960C25}"
EndProject
Project("{FAE04EC0-301F-11D3-BF4B-00C04F79EFBC}") = "M10_Trigger", "Trigger\M10_Trigger.csproj", "{DECC3819-F2C7-430B-93C6-40779C52D1CF}"
EndProject
Global
	GlobalSection(SolutionConfigurationPlatforms) = preSolution
		Debug|Any CPU = Debug|Any CPU
		Release|Any CPU = Release|Any CPU
	EndGlobalSection
	GlobalSection(ProjectConfigurationPlatforms) = postSolution
		{D819425B-96FB-4815-A9FB-DABFE71CE331}.Debug|Any CPU.ActiveCfg = Debug|Any CPU
		{D819425B-96FB-4815-A9FB-DABFE71CE331}.Debug|Any CPU.Build.0 = Debug|Any CPU
		{D819425B-96FB-4815-A9FB-DABFE71CE331}.Release|Any CPU.ActiveCfg = Release|Any CPU
		{D819425B-96FB-4815-A9FB-DABFE71CE331}.Release|Any CPU.Build.0 = Release|Any CPU
		{65F7295A-2AB2-4143-9DFA-BA18DC340D9A}.Debug|Any CPU.ActiveCfg = Debug|Any CPU
		{65F7295A-2AB2-4143-9DFA-BA18DC340D9A}.Debug|Any CPU.Build.0 = Debug|Any CPU
		{65F7295A-2AB2-4143-9DFA-BA18DC340D9A}.Release|Any CPU.ActiveCfg = Release|Any CPU
		{65F7295A-2AB2-4143-9DFA-BA18DC340D9A}.Release|Any CPU.Build.0 = Release|Any CPU
		{613D0C54-AF88-4CBA-8AF6-F8B3520EFABF}.Debug|Any CPU.ActiveCfg = Debug|Any CPU
		{613D0C54-AF88-4CBA-8AF6-F8B3520EFABF}.Debug|Any CPU.Build.0 = Debug|Any CPU
		{613D0C54-AF88-4CBA-8AF6-F8B3520EFABF}.Release|Any CPU.ActiveCfg = Release|Any CPU
		{613D0C54-AF88-4CBA-8AF6-F8B3520EFABF}.Release|Any CPU.Build.0 = Release|Any CPU
		{CB484660-EEA6-490D-BE23-B0D0EC7D42E9}.Debug|Any CPU.ActiveCfg = Debug|Any CPU
		{CB484660-EEA6-490D-BE23-B0D0EC7D42E9}.Debug|Any CPU.Build.0 = Debug|Any CPU
		{CB484660-EEA6-490D-BE23-B0D0EC7D42E9}.Release|Any CPU.ActiveCfg = Release|Any CPU
		{CB484660-EEA6-490D-BE23-B0D0EC7D42E9}.Release|Any CPU.Build.0 = Release|Any CPU
		{3C31E170-892A-48EF-A78F-C021A4D78916}.Debug|Any CPU.ActiveCfg = Debug|Any CPU
		{3C31E170-892A-48EF-A78F-C021A4D78916}.Debug|Any CPU.Build.0 = Debug|Any CPU
		{3C31E170-892A-48EF-A78F-C021A4D78916}.Release|Any CPU.ActiveCfg = Release|Any CPU
		{3C31E170-892A-48EF-A78F-C021A4D78916}.Release|Any CPU.Build.0 = Release|Any CPU
		{D5D121DD-A136-4E91-B55B-E8BACCC8E8B1}.Debug|Any CPU.ActiveCfg = Debug|Any CPU
		{D5D121DD-A136-4E91-B55B-E8BACCC8E8B1}.Debug|Any CPU.Build.0 = Debug|Any CPU
		{D5D121DD-A136-4E91-B55B-E8BACCC8E8B1}.Release|Any CPU.ActiveCfg = Release|Any CPU
		{D5D121DD-A136-4E91-B55B-E8BACCC8E8B1}.Release|Any CPU.Build.0 = Release|Any CPU
		{989A47B5-9777-42BB-90F4-E9AF37221D34}.Debug|Any CPU.ActiveCfg = Debug|Any CPU
		{989A47B5-9777-42BB-90F4-E9AF37221D34}.Debug|Any CPU.Build.0 = Debug|Any CPU
		{989A47B5-9777-42BB-90F4-E9AF37221D34}.Release|Any CPU.ActiveCfg = Release|Any CPU
		{989A47B5-9777-42BB-90F4-E9AF37221D34}.Release|Any CPU.Build.0 = Release|Any CPU
		{2D6EFD99-D0D5-4806-A4F6-17FCBDC26DC9}.Debug|Any CPU.ActiveCfg = Debug|Any CPU
		{2D6EFD99-D0D5-4806-A4F6-17FCBDC26DC9}.Debug|Any CPU.Build.0 = Debug|Any CPU
		{2D6EFD99-D0D5-4806-A4F6-17FCBDC26DC9}.Release|Any CPU.ActiveCfg = Release|Any CPU
		{2D6EFD99-D0D5-4806-A4F6-17FCBDC26DC9}.Release|Any CPU.Build.0 = Release|Any CPU
		{42B5CB4B-0DB6-497F-AF88-8B99269D42CC}.Debug|Any CPU.ActiveCfg = Debug|Any CPU
		{42B5CB4B-0DB6-497F-AF88-8B99269D42CC}.Debug|Any CPU.Build.0 = Debug|Any CPU
		{42B5CB4B-0DB6-497F-AF88-8B99269D42CC}.Release|Any CPU.ActiveCfg = Release|Any CPU
		{42B5CB4B-0DB6-497F-AF88-8B99269D42CC}.Release|Any CPU.Build.0 = Release|Any CPU
		{157FC83D-B6BB-483B-9900-165130621A81}.Debug|Any CPU.ActiveCfg = Debug|Any CPU
		{157FC83D-B6BB-483B-9900-165130621A81}.Debug|Any CPU.Build.0 = Debug|Any CPU
		{157FC83D-B6BB-483B-9900-165130621A81}.Release|Any CPU.ActiveCfg = Release|Any CPU
		{157FC83D-B6BB-483B-9900-165130621A81}.Release|Any CPU.Build.0 = Release|Any CPU
		{FB4CD6D5-B6F1-4172-8E75-EF563F960C25}.Debug|Any CPU.ActiveCfg = Debug|Any CPU
		{FB4CD6D5-B6F1-4172-8E75-EF563F960C25}.Debug|Any CPU.Build.0 = Debug|Any CPU
		{FB4CD6D5-B6F1-4172-8E75-EF563F960C25}.Release|Any CPU.ActiveCfg = Release|Any CPU
		{FB4CD6D5-B6F1-4172-8E75-EF563F960C25}.Release|Any CPU.Build.0 = Release|Any CPU
		{DECC3819-F2C7-430B-93C6-40779C52D1CF}.Debug|Any CPU.ActiveCfg = Debug|Any CPU
		{DECC3819-F2C7-430B-93C6-40779C52D1CF}.Debug|Any CPU.Build.0 = Debug|Any CPU
		{DECC3819-F2C7-430B-93C6-40779C52D1CF}.Release|Any CPU.ActiveCfg = Release|Any CPU
		{DECC3819-F2C7-430B-93C6-40779C52D1CF}.Release|Any CPU.Build.0 = Release|Any CPU
	EndGlobalSection
	GlobalSection(SolutionProperties) = preSolution
		HideSolutionNode = FALSE
	EndGlobalSection
	GlobalSection(ExtensibilityGlobals) = postSolution
		SolutionGuid = {24B4D982-A4CE-4CDC-9AD5-222F2FEB7210}
	EndGlobalSection
EndGlobal
